// !$*UTF8*$!
{
	archiveVersion = 1;
	classes = {
	};
	objectVersion = 51;
	objects = {

/* Begin PBXBuildFile section */
		776560E23C4CA94D0ADD9294 /* Pods_14CoreData.framework in Frameworks */ = {isa = PBXBuildFile; fileRef = 58650386860759CBD825DFDA /* Pods_14CoreData.framework */; };
		BC46292E25486AFD00D0F68C /* Persistance.swift in Sources */ = {isa = PBXBuildFile; fileRef = BC46292D25486AFD00D0F68C /* Persistance.swift */; };
		BC5CF1732544472A004A2CA0 /* AppDelegate.swift in Sources */ = {isa = PBXBuildFile; fileRef = BC5CF1722544472A004A2CA0 /* AppDelegate.swift */; };
		BC5CF1752544472A004A2CA0 /* SceneDelegate.swift in Sources */ = {isa = PBXBuildFile; fileRef = BC5CF1742544472A004A2CA0 /* SceneDelegate.swift */; };
		BC5CF1772544472A004A2CA0 /* ViewController.swift in Sources */ = {isa = PBXBuildFile; fileRef = BC5CF1762544472A004A2CA0 /* ViewController.swift */; };
		BC5CF17A2544472A004A2CA0 /* Main.storyboard in Resources */ = {isa = PBXBuildFile; fileRef = BC5CF1782544472A004A2CA0 /* Main.storyboard */; };
		BC5CF17D2544472A004A2CA0 /* _4CoreData.xcdatamodeld in Sources */ = {isa = PBXBuildFile; fileRef = BC5CF17B2544472A004A2CA0 /* _4CoreData.xcdatamodeld */; };
		BC5CF17F2544472B004A2CA0 /* Assets.xcassets in Resources */ = {isa = PBXBuildFile; fileRef = BC5CF17E2544472B004A2CA0 /* Assets.xcassets */; };
		BC5CF1822544472B004A2CA0 /* LaunchScreen.storyboard in Resources */ = {isa = PBXBuildFile; fileRef = BC5CF1802544472B004A2CA0 /* LaunchScreen.storyboard */; };
		BCE598C1254A07A50058EE64 /* MyTableViewController.swift in Sources */ = {isa = PBXBuildFile; fileRef = BCE598C0254A07A50058EE64 /* MyTableViewController.swift */; };
		BCE598C4254A08240058EE64 /* Main.swift in Sources */ = {isa = PBXBuildFile; fileRef = BCE598C3254A08240058EE64 /* Main.swift */; };
		BCE598D3254DED750058EE64 /* MyCoreTableViewController.swift in Sources */ = {isa = PBXBuildFile; fileRef = BCE598D2254DED750058EE64 /* MyCoreTableViewController.swift */; };
		BCE5990F25501E1A0058EE64 /* WeatherTableViewController.swift in Sources */ = {isa = PBXBuildFile; fileRef = BCE5990E25501E1A0058EE64 /* WeatherTableViewController.swift */; };
		BCE5991225501E340058EE64 /* WeatherViewController.swift in Sources */ = {isa = PBXBuildFile; fileRef = BCE5991125501E340058EE64 /* WeatherViewController.swift */; };
		BCE59915255020670058EE64 /* WeatherFeed.swift in Sources */ = {isa = PBXBuildFile; fileRef = BCE59914255020670058EE64 /* WeatherFeed.swift */; };
		BCE599182550214C0058EE64 /* WeatherLoader.swift in Sources */ = {isa = PBXBuildFile; fileRef = BCE599172550214C0058EE64 /* WeatherLoader.swift */; };
		BCE5991B25541D0A0058EE64 /* MainCoreData.swift in Sources */ = {isa = PBXBuildFile; fileRef = BCE5991A25541D0A0058EE64 /* MainCoreData.swift */; };
		BCE5991F25541E250058EE64 /* ToDoEntities+CoreDataProperties.swift in Sources */ = {isa = PBXBuildFile; fileRef = BCE5991D25541E250058EE64 /* ToDoEntities+CoreDataProperties.swift */; };
		BCE5992025541E250058EE64 /* ToDoEntities+CoreDataClass.swift in Sources */ = {isa = PBXBuildFile; fileRef = BCE5991E25541E250058EE64 /* ToDoEntities+CoreDataClass.swift */; };
/* End PBXBuildFile section */

/* Begin PBXFileReference section */
		58650386860759CBD825DFDA /* Pods_14CoreData.framework */ = {isa = PBXFileReference; explicitFileType = wrapper.framework; includeInIndex = 0; path = Pods_14CoreData.framework; sourceTree = BUILT_PRODUCTS_DIR; };
		7687C3C4816EDD3424520CB2 /* Pods-14CoreData.release.xcconfig */ = {isa = PBXFileReference; includeInIndex = 1; lastKnownFileType = text.xcconfig; name = "Pods-14CoreData.release.xcconfig"; path = "Target Support Files/Pods-14CoreData/Pods-14CoreData.release.xcconfig"; sourceTree = "<group>"; };
		7A7B7B04D890849B5954EC11 /* Pods-14CoreData.debug.xcconfig */ = {isa = PBXFileReference; includeInIndex = 1; lastKnownFileType = text.xcconfig; name = "Pods-14CoreData.debug.xcconfig"; path = "Target Support Files/Pods-14CoreData/Pods-14CoreData.debug.xcconfig"; sourceTree = "<group>"; };
		BC46292D25486AFD00D0F68C /* Persistance.swift */ = {isa = PBXFileReference; lastKnownFileType = sourcecode.swift; path = Persistance.swift; sourceTree = "<group>"; };
		BC5CF16F2544472A004A2CA0 /* 14CoreData.app */ = {isa = PBXFileReference; explicitFileType = wrapper.application; includeInIndex = 0; path = 14CoreData.app; sourceTree = BUILT_PRODUCTS_DIR; };
		BC5CF1722544472A004A2CA0 /* AppDelegate.swift */ = {isa = PBXFileReference; lastKnownFileType = sourcecode.swift; path = AppDelegate.swift; sourceTree = "<group>"; };
		BC5CF1742544472A004A2CA0 /* SceneDelegate.swift */ = {isa = PBXFileReference; lastKnownFileType = sourcecode.swift; path = SceneDelegate.swift; sourceTree = "<group>"; };
		BC5CF1762544472A004A2CA0 /* ViewController.swift */ = {isa = PBXFileReference; lastKnownFileType = sourcecode.swift; path = ViewController.swift; sourceTree = "<group>"; };
		BC5CF1792544472A004A2CA0 /* Base */ = {isa = PBXFileReference; lastKnownFileType = file.storyboard; name = Base; path = Base.lproj/Main.storyboard; sourceTree = "<group>"; };
		BC5CF17C2544472A004A2CA0 /* _4CoreData.xcdatamodel */ = {isa = PBXFileReference; lastKnownFileType = wrapper.xcdatamodel; path = _4CoreData.xcdatamodel; sourceTree = "<group>"; };
		BC5CF17E2544472B004A2CA0 /* Assets.xcassets */ = {isa = PBXFileReference; lastKnownFileType = folder.assetcatalog; path = Assets.xcassets; sourceTree = "<group>"; };
		BC5CF1812544472B004A2CA0 /* Base */ = {isa = PBXFileReference; lastKnownFileType = file.storyboard; name = Base; path = Base.lproj/LaunchScreen.storyboard; sourceTree = "<group>"; };
		BC5CF1832544472B004A2CA0 /* Info.plist */ = {isa = PBXFileReference; lastKnownFileType = text.plist.xml; path = Info.plist; sourceTree = "<group>"; };
		BCE598C0254A07A50058EE64 /* MyTableViewController.swift */ = {isa = PBXFileReference; lastKnownFileType = sourcecode.swift; path = MyTableViewController.swift; sourceTree = "<group>"; };
		BCE598C3254A08240058EE64 /* Main.swift */ = {isa = PBXFileReference; lastKnownFileType = sourcecode.swift; path = Main.swift; sourceTree = "<group>"; };
		BCE598D2254DED750058EE64 /* MyCoreTableViewController.swift */ = {isa = PBXFileReference; lastKnownFileType = sourcecode.swift; path = MyCoreTableViewController.swift; sourceTree = "<group>"; };
		BCE5990E25501E1A0058EE64 /* WeatherTableViewController.swift */ = {isa = PBXFileReference; lastKnownFileType = sourcecode.swift; path = WeatherTableViewController.swift; sourceTree = "<group>"; };
		BCE5991125501E340058EE64 /* WeatherViewController.swift */ = {isa = PBXFileReference; lastKnownFileType = sourcecode.swift; path = WeatherViewController.swift; sourceTree = "<group>"; };
		BCE59914255020670058EE64 /* WeatherFeed.swift */ = {isa = PBXFileReference; lastKnownFileType = sourcecode.swift; path = WeatherFeed.swift; sourceTree = "<group>"; };
		BCE599172550214C0058EE64 /* WeatherLoader.swift */ = {isa = PBXFileReference; lastKnownFileType = sourcecode.swift; path = WeatherLoader.swift; sourceTree = "<group>"; };
		BCE5991A25541D0A0058EE64 /* MainCoreData.swift */ = {isa = PBXFileReference; lastKnownFileType = sourcecode.swift; path = MainCoreData.swift; sourceTree = "<group>"; };
		BCE5991D25541E250058EE64 /* ToDoEntities+CoreDataProperties.swift */ = {isa = PBXFileReference; lastKnownFileType = sourcecode.swift; name = "ToDoEntities+CoreDataProperties.swift"; path = "/Users/lobanovskiy/Documents/14CoreData/14CoreData/ToDoEntities+CoreDataProperties.swift"; sourceTree = "<absolute>"; };
		BCE5991E25541E250058EE64 /* ToDoEntities+CoreDataClass.swift */ = {isa = PBXFileReference; lastKnownFileType = sourcecode.swift; name = "ToDoEntities+CoreDataClass.swift"; path = "/Users/lobanovskiy/Documents/14CoreData/14CoreData/ToDoEntities+CoreDataClass.swift"; sourceTree = "<absolute>"; };
/* End PBXFileReference section */

/* Begin PBXFrameworksBuildPhase section */
		BC5CF16C2544472A004A2CA0 /* Frameworks */ = {
			isa = PBXFrameworksBuildPhase;
			buildActionMask = 2147483647;
			files = (
				776560E23C4CA94D0ADD9294 /* Pods_14CoreData.framework in Frameworks */,
			);
			runOnlyForDeploymentPostprocessing = 0;
		};
/* End PBXFrameworksBuildPhase section */

/* Begin PBXGroup section */
		661ECB85481EDCC31F9984DE /* Frameworks */ = {
			isa = PBXGroup;
			children = (
				58650386860759CBD825DFDA /* Pods_14CoreData.framework */,
			);
			name = Frameworks;
			sourceTree = "<group>";
		};
		BC5CF1662544472A004A2CA0 = {
			isa = PBXGroup;
			children = (
				BC5CF1712544472A004A2CA0 /* 14CoreData */,
				BC5CF1702544472A004A2CA0 /* Products */,
				BDA557696974660FDB15779F /* Pods */,
				661ECB85481EDCC31F9984DE /* Frameworks */,
			);
			sourceTree = "<group>";
		};
		BC5CF1702544472A004A2CA0 /* Products */ = {
			isa = PBXGroup;
			children = (
				BC5CF16F2544472A004A2CA0 /* 14CoreData.app */,
			);
			name = Products;
			sourceTree = "<group>";
		};
		BC5CF1712544472A004A2CA0 /* 14CoreData */ = {
			isa = PBXGroup;
			children = (
				BC5CF17B2544472A004A2CA0 /* _4CoreData.xcdatamodeld */,
				BC5CF1722544472A004A2CA0 /* AppDelegate.swift */,
				BC5CF17E2544472B004A2CA0 /* Assets.xcassets */,
				BC5CF1832544472B004A2CA0 /* Info.plist */,
				BC5CF1802544472B004A2CA0 /* LaunchScreen.storyboard */,
				BC5CF1782544472A004A2CA0 /* Main.storyboard */,
				BCE598C3254A08240058EE64 /* Main.swift */,
				BCE5991A25541D0A0058EE64 /* MainCoreData.swift */,
				BCE598D2254DED750058EE64 /* MyCoreTableViewController.swift */,
				BCE598C0254A07A50058EE64 /* MyTableViewController.swift */,
				BC46292D25486AFD00D0F68C /* Persistance.swift */,
				BC5CF1742544472A004A2CA0 /* SceneDelegate.swift */,
				BCE5991E25541E250058EE64 /* ToDoEntities+CoreDataClass.swift */,
				BCE5991D25541E250058EE64 /* ToDoEntities+CoreDataProperties.swift */,
				BC5CF1762544472A004A2CA0 /* ViewController.swift */,
				BCE59914255020670058EE64 /* WeatherFeed.swift */,
				BCE599172550214C0058EE64 /* WeatherLoader.swift */,
				BCE5990E25501E1A0058EE64 /* WeatherTableViewController.swift */,
				BCE5991125501E340058EE64 /* WeatherViewController.swift */,
			);
			path = 14CoreData;
			sourceTree = "<group>";
		};
		BDA557696974660FDB15779F /* Pods */ = {
			isa = PBXGroup;
			children = (
				7A7B7B04D890849B5954EC11 /* Pods-14CoreData.debug.xcconfig */,
				7687C3C4816EDD3424520CB2 /* Pods-14CoreData.release.xcconfig */,
			);
			path = Pods;
			sourceTree = "<group>";
		};
/* End PBXGroup section */

/* Begin PBXNativeTarget section */
		BC5CF16E2544472A004A2CA0 /* 14CoreData */ = {
			isa = PBXNativeTarget;
			buildConfigurationList = BC5CF1862544472B004A2CA0 /* Build configuration list for PBXNativeTarget "14CoreData" */;
			buildPhases = (
				9B7158C85054F945A34B749F /* [CP] Check Pods Manifest.lock */,
				BC5CF16B2544472A004A2CA0 /* Sources */,
				BC5CF16C2544472A004A2CA0 /* Frameworks */,
				BC5CF16D2544472A004A2CA0 /* Resources */,
				51CDD271E2993DE291FE143F /* [CP] Embed Pods Frameworks */,
			);
			buildRules = (
			);
			dependencies = (
			);
			name = 14CoreData;
			productName = 14CoreData;
			productReference = BC5CF16F2544472A004A2CA0 /* 14CoreData.app */;
			productType = "com.apple.product-type.application";
		};
/* End PBXNativeTarget section */

/* Begin PBXProject section */
		BC5CF1672544472A004A2CA0 /* Project object */ = {
			isa = PBXProject;
			attributes = {
				LastSwiftUpdateCheck = 1210;
				LastUpgradeCheck = 1210;
				TargetAttributes = {
					BC5CF16E2544472A004A2CA0 = {
						CreatedOnToolsVersion = 12.1;
					};
				};
			};
			buildConfigurationList = BC5CF16A2544472A004A2CA0 /* Build configuration list for PBXProject "14CoreData" */;
			compatibilityVersion = "Xcode 9.3";
			developmentRegion = en;
			hasScannedForEncodings = 0;
			knownRegions = (
				en,
				Base,
			);
			mainGroup = BC5CF1662544472A004A2CA0;
			productRefGroup = BC5CF1702544472A004A2CA0 /* Products */;
			projectDirPath = "";
			projectRoot = "";
			targets = (
				BC5CF16E2544472A004A2CA0 /* 14CoreData */,
			);
		};
/* End PBXProject section */

/* Begin PBXResourcesBuildPhase section */
		BC5CF16D2544472A004A2CA0 /* Resources */ = {
			isa = PBXResourcesBuildPhase;
			buildActionMask = 2147483647;
			files = (
				BC5CF1822544472B004A2CA0 /* LaunchScreen.storyboard in Resources */,
				BC5CF17F2544472B004A2CA0 /* Assets.xcassets in Resources */,
				BC5CF17A2544472A004A2CA0 /* Main.storyboard in Resources */,
			);
			runOnlyForDeploymentPostprocessing = 0;
		};
/* End PBXResourcesBuildPhase section */

/* Begin PBXShellScriptBuildPhase section */
		51CDD271E2993DE291FE143F /* [CP] Embed Pods Frameworks */ = {
			isa = PBXShellScriptBuildPhase;
			buildActionMask = 2147483647;
			files = (
			);
			inputFileListPaths = (
				"${PODS_ROOT}/Target Support Files/Pods-14CoreData/Pods-14CoreData-frameworks-${CONFIGURATION}-input-files.xcfilelist",
			);
			name = "[CP] Embed Pods Frameworks";
			outputFileListPaths = (
				"${PODS_ROOT}/Target Support Files/Pods-14CoreData/Pods-14CoreData-frameworks-${CONFIGURATION}-output-files.xcfilelist",
			);
			runOnlyForDeploymentPostprocessing = 0;
			shellPath = /bin/sh;
			shellScript = "\"${PODS_ROOT}/Target Support Files/Pods-14CoreData/Pods-14CoreData-frameworks.sh\"\n";
			showEnvVarsInLog = 0;
		};
		9B7158C85054F945A34B749F /* [CP] Check Pods Manifest.lock */ = {
			isa = PBXShellScriptBuildPhase;
			buildActionMask = 2147483647;
			files = (
			);
			inputFileListPaths = (
			);
			inputPaths = (
				"${PODS_PODFILE_DIR_PATH}/Podfile.lock",
				"${PODS_ROOT}/Manifest.lock",
			);
			name = "[CP] Check Pods Manifest.lock";
			outputFileListPaths = (
			);
			outputPaths = (
				"$(DERIVED_FILE_DIR)/Pods-14CoreData-checkManifestLockResult.txt",
			);
			runOnlyForDeploymentPostprocessing = 0;
			shellPath = /bin/sh;
			shellScript = "diff \"${PODS_PODFILE_DIR_PATH}/Podfile.lock\" \"${PODS_ROOT}/Manifest.lock\" > /dev/null\nif [ $? != 0 ] ; then\n    # print error to STDERR\n    echo \"error: The sandbox is not in sync with the Podfile.lock. Run 'pod install' or update your CocoaPods installation.\" >&2\n    exit 1\nfi\n# This output is used by Xcode 'outputs' to avoid re-running this script phase.\necho \"SUCCESS\" > \"${SCRIPT_OUTPUT_FILE_0}\"\n";
			showEnvVarsInLog = 0;
		};
/* End PBXShellScriptBuildPhase section */

/* Begin PBXSourcesBuildPhase section */
		BC5CF16B2544472A004A2CA0 /* Sources */ = {
			isa = PBXSourcesBuildPhase;
			buildActionMask = 2147483647;
			files = (
				BCE5991B25541D0A0058EE64 /* MainCoreData.swift in Sources */,
				BCE598D3254DED750058EE64 /* MyCoreTableViewController.swift in Sources */,
				BCE599182550214C0058EE64 /* WeatherLoader.swift in Sources */,
				BCE5991225501E340058EE64 /* WeatherViewController.swift in Sources */,
				BCE59915255020670058EE64 /* WeatherFeed.swift in Sources */,
				BCE5990F25501E1A0058EE64 /* WeatherTableViewController.swift in Sources */,
				BC5CF1772544472A004A2CA0 /* ViewController.swift in Sources */,
				BCE598C1254A07A50058EE64 /* MyTableViewController.swift in Sources */,
				BCE5992025541E250058EE64 /* ToDoEntities+CoreDataClass.swift in Sources */,
				BCE5991F25541E250058EE64 /* ToDoEntities+CoreDataProperties.swift in Sources */,
				BC5CF17D2544472A004A2CA0 /* _4CoreData.xcdatamodeld in Sources */,
				BC5CF1732544472A004A2CA0 /* AppDelegate.swift in Sources */,
				BC46292E25486AFD00D0F68C /* Persistance.swift in Sources */,
				BCE598C4254A08240058EE64 /* Main.swift in Sources */,
				BC5CF1752544472A004A2CA0 /* SceneDelegate.swift in Sources */,
			);
			runOnlyForDeploymentPostprocessing = 0;
		};
/* End PBXSourcesBuildPhase section */

/* Begin PBXVariantGroup section */
		BC5CF1782544472A004A2CA0 /* Main.storyboard */ = {
			isa = PBXVariantGroup;
			children = (
				BC5CF1792544472A004A2CA0 /* Base */,
			);
			name = Main.storyboard;
			sourceTree = "<group>";
		};
		BC5CF1802544472B004A2CA0 /* LaunchScreen.storyboard */ = {
			isa = PBXVariantGroup;
			children = (
				BC5CF1812544472B004A2CA0 /* Base */,
			);
			name = LaunchScreen.storyboard;
			sourceTree = "<group>";
		};
/* End PBXVariantGroup section */

/* Begin XCBuildConfiguration section */
		BC5CF1842544472B004A2CA0 /* Debug */ = {
			isa = XCBuildConfiguration;
			buildSettings = {
				ALWAYS_SEARCH_USER_PATHS = NO;
				CLANG_ANALYZER_NONNULL = YES;
				CLANG_ANALYZER_NUMBER_OBJECT_CONVERSION = YES_AGGRESSIVE;
				CLANG_CXX_LANGUAGE_STANDARD = "gnu++14";
				CLANG_CXX_LIBRARY = "libc++";
				CLANG_ENABLE_MODULES = YES;
				CLANG_ENABLE_OBJC_ARC = YES;
				CLANG_ENABLE_OBJC_WEAK = YES;
				CLANG_WARN_BLOCK_CAPTURE_AUTORELEASING = YES;
				CLANG_WARN_BOOL_CONVERSION = YES;
				CLANG_WARN_COMMA = YES;
				CLANG_WARN_CONSTANT_CONVERSION = YES;
				CLANG_WARN_DEPRECATED_OBJC_IMPLEMENTATIONS = YES;
				CLANG_WARN_DIRECT_OBJC_ISA_USAGE = YES_ERROR;
				CLANG_WARN_DOCUMENTATION_COMMENTS = YES;
				CLANG_WARN_EMPTY_BODY = YES;
				CLANG_WARN_ENUM_CONVERSION = YES;
				CLANG_WARN_INFINITE_RECURSION = YES;
				CLANG_WARN_INT_CONVERSION = YES;
				CLANG_WARN_NON_LITERAL_NULL_CONVERSION = YES;
				CLANG_WARN_OBJC_IMPLICIT_RETAIN_SELF = YES;
				CLANG_WARN_OBJC_LITERAL_CONVERSION = YES;
				CLANG_WARN_OBJC_ROOT_CLASS = YES_ERROR;
				CLANG_WARN_QUOTED_INCLUDE_IN_FRAMEWORK_HEADER = YES;
				CLANG_WARN_RANGE_LOOP_ANALYSIS = YES;
				CLANG_WARN_STRICT_PROTOTYPES = YES;
				CLANG_WARN_SUSPICIOUS_MOVE = YES;
				CLANG_WARN_UNGUARDED_AVAILABILITY = YES_AGGRESSIVE;
				CLANG_WARN_UNREACHABLE_CODE = YES;
				CLANG_WARN__DUPLICATE_METHOD_MATCH = YES;
				COPY_PHASE_STRIP = NO;
				DEBUG_INFORMATION_FORMAT = dwarf;
				ENABLE_STRICT_OBJC_MSGSEND = YES;
				ENABLE_TESTABILITY = YES;
				GCC_C_LANGUAGE_STANDARD = gnu11;
				GCC_DYNAMIC_NO_PIC = NO;
				GCC_NO_COMMON_BLOCKS = YES;
				GCC_OPTIMIZATION_LEVEL = 0;
				GCC_PREPROCESSOR_DEFINITIONS = (
					"DEBUG=1",
					"$(inherited)",
				);
				GCC_WARN_64_TO_32_BIT_CONVERSION = YES;
				GCC_WARN_ABOUT_RETURN_TYPE = YES_ERROR;
				GCC_WARN_UNDECLARED_SELECTOR = YES;
				GCC_WARN_UNINITIALIZED_AUTOS = YES_AGGRESSIVE;
				GCC_WARN_UNUSED_FUNCTION = YES;
				GCC_WARN_UNUSED_VARIABLE = YES;
				IPHONEOS_DEPLOYMENT_TARGET = 14.1;
				MTL_ENABLE_DEBUG_INFO = INCLUDE_SOURCE;
				MTL_FAST_MATH = YES;
				ONLY_ACTIVE_ARCH = YES;
				SDKROOT = iphoneos;
				SWIFT_ACTIVE_COMPILATION_CONDITIONS = DEBUG;
				SWIFT_OPTIMIZATION_LEVEL = "-Onone";
			};
			name = Debug;
		};
		BC5CF1852544472B004A2CA0 /* Release */ = {
			isa = XCBuildConfiguration;
			buildSettings = {
				ALWAYS_SEARCH_USER_PATHS = NO;
				CLANG_ANALYZER_NONNULL = YES;
				CLANG_ANALYZER_NUMBER_OBJECT_CONVERSION = YES_AGGRESSIVE;
				CLANG_CXX_LANGUAGE_STANDARD = "gnu++14";
				CLANG_CXX_LIBRARY = "libc++";
				CLANG_ENABLE_MODULES = YES;
				CLANG_ENABLE_OBJC_ARC = YES;
				CLANG_ENABLE_OBJC_WEAK = YES;
				CLANG_WARN_BLOCK_CAPTURE_AUTORELEASING = YES;
				CLANG_WARN_BOOL_CONVERSION = YES;
				CLANG_WARN_COMMA = YES;
				CLANG_WARN_CONSTANT_CONVERSION = YES;
				CLANG_WARN_DEPRECATED_OBJC_IMPLEMENTATIONS = YES;
				CLANG_WARN_DIRECT_OBJC_ISA_USAGE = YES_ERROR;
				CLANG_WARN_DOCUMENTATION_COMMENTS = YES;
				CLANG_WARN_EMPTY_BODY = YES;
				CLANG_WARN_ENUM_CONVERSION = YES;
				CLANG_WARN_INFINITE_RECURSION = YES;
				CLANG_WARN_INT_CONVERSION = YES;
				CLANG_WARN_NON_LITERAL_NULL_CONVERSION = YES;
				CLANG_WARN_OBJC_IMPLICIT_RETAIN_SELF = YES;
				CLANG_WARN_OBJC_LITERAL_CONVERSION = YES;
				CLANG_WARN_OBJC_ROOT_CLASS = YES_ERROR;
				CLANG_WARN_QUOTED_INCLUDE_IN_FRAMEWORK_HEADER = YES;
				CLANG_WARN_RANGE_LOOP_ANALYSIS = YES;
				CLANG_WARN_STRICT_PROTOTYPES = YES;
				CLANG_WARN_SUSPICIOUS_MOVE = YES;
				CLANG_WARN_UNGUARDED_AVAILABILITY = YES_AGGRESSIVE;
				CLANG_WARN_UNREACHABLE_CODE = YES;
				CLANG_WARN__DUPLICATE_METHOD_MATCH = YES;
				COPY_PHASE_STRIP = NO;
				DEBUG_INFORMATION_FORMAT = "dwarf-with-dsym";
				ENABLE_NS_ASSERTIONS = NO;
				ENABLE_STRICT_OBJC_MSGSEND = YES;
				GCC_C_LANGUAGE_STANDARD = gnu11;
				GCC_NO_COMMON_BLOCKS = YES;
				GCC_WARN_64_TO_32_BIT_CONVERSION = YES;
				GCC_WARN_ABOUT_RETURN_TYPE = YES_ERROR;
				GCC_WARN_UNDECLARED_SELECTOR = YES;
				GCC_WARN_UNINITIALIZED_AUTOS = YES_AGGRESSIVE;
				GCC_WARN_UNUSED_FUNCTION = YES;
				GCC_WARN_UNUSED_VARIABLE = YES;
				IPHONEOS_DEPLOYMENT_TARGET = 14.1;
				MTL_ENABLE_DEBUG_INFO = NO;
				MTL_FAST_MATH = YES;
				SDKROOT = iphoneos;
				SWIFT_COMPILATION_MODE = wholemodule;
				SWIFT_OPTIMIZATION_LEVEL = "-O";
				VALIDATE_PRODUCT = YES;
			};
			name = Release;
		};
		BC5CF1872544472B004A2CA0 /* Debug */ = {
			isa = XCBuildConfiguration;
			baseConfigurationReference = 7A7B7B04D890849B5954EC11 /* Pods-14CoreData.debug.xcconfig */;
			buildSettings = {
				ASSETCATALOG_COMPILER_APPICON_NAME = AppIcon;
				ASSETCATALOG_COMPILER_GLOBAL_ACCENT_COLOR_NAME = AccentColor;
				CODE_SIGN_STYLE = Automatic;
				DEVELOPMENT_TEAM = X4NT7QH9N7;
				INFOPLIST_FILE = 14CoreData/Info.plist;
				IPHONEOS_DEPLOYMENT_TARGET = 14.0;
				LD_RUNPATH_SEARCH_PATHS = (
					"$(inherited)",
					"@executable_path/Frameworks",
				);
				PRODUCT_BUNDLE_IDENTIFIER = "skillbox-14CoreData";
				PRODUCT_NAME = "$(TARGET_NAME)";
				SWIFT_VERSION = 5.0;
				TARGETED_DEVICE_FAMILY = 1;
			};
			name = Debug;
		};
		BC5CF1882544472B004A2CA0 /* Release */ = {
			isa = XCBuildConfiguration;
			baseConfigurationReference = 7687C3C4816EDD3424520CB2 /* Pods-14CoreData.release.xcconfig */;
			buildSettings = {
				ASSETCATALOG_COMPILER_APPICON_NAME = AppIcon;
				ASSETCATALOG_COMPILER_GLOBAL_ACCENT_COLOR_NAME = AccentColor;
				CODE_SIGN_STYLE = Automatic;
				DEVELOPMENT_TEAM = X4NT7QH9N7;
				INFOPLIST_FILE = 14CoreData/Info.plist;
				IPHONEOS_DEPLOYMENT_TARGET = 14.0;
				LD_RUNPATH_SEARCH_PATHS = (
					"$(inherited)",
					"@executable_path/Frameworks",
				);
				PRODUCT_BUNDLE_IDENTIFIER = "skillbox-14CoreData";
				PRODUCT_NAME = "$(TARGET_NAME)";
				SWIFT_VERSION = 5.0;
				TARGETED_DEVICE_FAMILY = 1;
			};
			name = Release;
		};
/* End XCBuildConfiguration section */

/* Begin XCConfigurationList section */
		BC5CF16A2544472A004A2CA0 /* Build configuration list for PBXProject "14CoreData" */ = {
			isa = XCConfigurationList;
			buildConfigurations = (
				BC5CF1842544472B004A2CA0 /* Debug */,
				BC5CF1852544472B004A2CA0 /* Release */,
			);
			defaultConfigurationIsVisible = 0;
			defaultConfigurationName = Release;
		};
		BC5CF1862544472B004A2CA0 /* Build configuration list for PBXNativeTarget "14CoreData" */ = {
			isa = XCConfigurationList;
			buildConfigurations = (
				BC5CF1872544472B004A2CA0 /* Debug */,
				BC5CF1882544472B004A2CA0 /* Release */,
			);
			defaultConfigurationIsVisible = 0;
			defaultConfigurationName = Release;
		};
/* End XCConfigurationList section */

/* Begin XCVersionGroup section */
		BC5CF17B2544472A004A2CA0 /* _4CoreData.xcdatamodeld */ = {
			isa = XCVersionGroup;
			children = (
				BC5CF17C2544472A004A2CA0 /* _4CoreData.xcdatamodel */,
			);
			currentVersion = BC5CF17C2544472A004A2CA0 /* _4CoreData.xcdatamodel */;
			path = _4CoreData.xcdatamodeld;
			sourceTree = "<group>";
			versionGroupType = wrapper.xcdatamodel;
		};
/* End XCVersionGroup section */
	};
	rootObject = BC5CF1672544472A004A2CA0 /* Project object */;
}
